
Microsoft Visual Studio Solution File, Format Version 12.00
# Visual Studio Version 17
VisualStudioVersion = 17.13.35931.197 d17.13
MinimumVisualStudioVersion = 10.0.40219.1
Project("{FAE04EC0-301F-11D3-BF4B-00C04F79EFBC}") = "IceDoomSniperPea", "IceDoomSniperPea\IceDoomSniperPea.csproj", "{58C3B069-AA3F-442B-BEFF-82DBA1F1B7EE}"
EndProject
Global
	GlobalSection(SolutionConfigurationPlatforms) = preSolution
		Debug|Any CPU = Debug|Any CPU
		Release|Any CPU = Release|Any CPU
	EndGlobalSection
	GlobalSection(ProjectConfigurationPlatforms) = postSolution
		{58C3B069-AA3F-442B-BEFF-82DBA1F1B7EE}.Debug|Any CPU.ActiveCfg = Debug|Any CPU
		{58C3B069-AA3F-442B-BEFF-82DBA1F1B7EE}.Debug|Any CPU.Build.0 = Debug|Any CPU
		{58C3B069-AA3F-442B-BEFF-82DBA1F1B7EE}.Release|Any CPU.ActiveCfg = Release|Any CPU
		{58C3B069-AA3F-442B-BEFF-82DBA1F1B7EE}.Release|Any CPU.Build.0 = Release|Any CPU
	EndGlobalSection
	GlobalSection(SolutionProperties) = preSolution
		HideSolutionNode = FALSE
	EndGlobalSection
	GlobalSection(ExtensibilityGlobals) = postSolution
		SolutionGuid = {1C38A149-7086-4D2C-A890-6E90B447D80E}
	EndGlobalSection
EndGlobal
