
Microsoft Visual Studio Solution File, Format Version 12.00
# Visual Studio Version 17
VisualStudioVersion = 17.13.35931.197 d17.13
MinimumVisualStudioVersion = 10.0.40219.1
Project("{FAE04EC0-301F-11D3-BF4B-00C04F79EFBC}") = "PuffSuperSnowGatling_BepInEx", "PuffSuperSnowGatling_BepInEx\PuffSuperSnowGatling_BepInEx.csproj", "{9EE5C6BD-EDCD-4380-B38D-B2A02F0F874B}"
EndProject
Global
	GlobalSection(SolutionConfigurationPlatforms) = preSolution
		Debug|Any CPU = Debug|Any CPU
		Release|Any CPU = Release|Any CPU
	EndGlobalSection
	GlobalSection(ProjectConfigurationPlatforms) = postSolution
		{9EE5C6BD-EDCD-4380-B38D-B2A02F0F874B}.Debug|Any CPU.ActiveCfg = Debug|Any CPU
		{9EE5C6BD-EDCD-4380-B38D-B2A02F0F874B}.Debug|Any CPU.Build.0 = Debug|Any CPU
		{9EE5C6BD-EDCD-4380-B38D-B2A02F0F874B}.Release|Any CPU.ActiveCfg = Release|Any CPU
		{9EE5C6BD-EDCD-4380-B38D-B2A02F0F874B}.Release|Any CPU.Build.0 = Release|Any CPU
	EndGlobalSection
	GlobalSection(SolutionProperties) = preSolution
		HideSolutionNode = FALSE
	EndGlobalSection
	GlobalSection(ExtensibilityGlobals) = postSolution
		SolutionGuid = {BBECCA36-AB76-44CE-BB9C-6DE66F5C4B51}
	EndGlobalSection
EndGlobal
