
Microsoft Visual Studio Solution File, Format Version 12.00
# Visual Studio Version 17
VisualStudioVersion = 17.13.35931.197 d17.13
MinimumVisualStudioVersion = 10.0.40219.1
Project("{FAE04EC0-301F-11D3-BF4B-00C04F79EFBC}") = "PuffSuperGatling_BepInEx", "PuffSuperGatling_BepInEx\PuffSuperGatling_BepInEx.csproj", "{0111D2A3-756E-4A0A-81A8-74D4D3C86027}"
EndProject
Global
	GlobalSection(SolutionConfigurationPlatforms) = preSolution
		Debug|Any CPU = Debug|Any CPU
		Release|Any CPU = Release|Any CPU
	EndGlobalSection
	GlobalSection(ProjectConfigurationPlatforms) = postSolution
		{0111D2A3-756E-4A0A-81A8-74D4D3C86027}.Debug|Any CPU.ActiveCfg = Debug|Any CPU
		{0111D2A3-756E-4A0A-81A8-74D4D3C86027}.Debug|Any CPU.Build.0 = Debug|Any CPU
		{0111D2A3-756E-4A0A-81A8-74D4D3C86027}.Release|Any CPU.ActiveCfg = Release|Any CPU
		{0111D2A3-756E-4A0A-81A8-74D4D3C86027}.Release|Any CPU.Build.0 = Release|Any CPU
	EndGlobalSection
	GlobalSection(SolutionProperties) = preSolution
		HideSolutionNode = FALSE
	EndGlobalSection
	GlobalSection(ExtensibilityGlobals) = postSolution
		SolutionGuid = {3EF89790-238B-40D7-A392-68076F1D207F}
	EndGlobalSection
EndGlobal
